Microsoft Visual Studio Solution File, Format Version 12.00
# Visual Studio Version 17
VisualStudioVersion = 17.5.2.0
MinimumVisualStudioVersion = 10.0.40219.1
Project("{FAE04EC0-301F-11D3-BF4B-00C04F79EFBC}") = "OtomatikMetinGenisletici", "OtomatikMetinGenisletici.csproj", "{583E2447-81AF-1DF6-AE46-CCED2F9D54DB}"
EndProject
Global
	GlobalSection(SolutionConfigurationPlatforms) = preSolution
		Debug|Any CPU = Debug|Any CPU
		Release|Any CPU = Release|Any CPU
	EndGlobalSection
	GlobalSection(ProjectConfigurationPlatforms) = postSolution
		{583E2447-81AF-1DF6-AE46-CCED2F9D54DB}.Debug|Any CPU.ActiveCfg = Debug|Any CPU
		{583E2447-81AF-1DF6-AE46-CCED2F9D54DB}.Debug|Any CPU.Build.0 = Debug|Any CPU
		{583E2447-81AF-1DF6-AE46-CCED2F9D54DB}.Release|Any CPU.ActiveCfg = Release|Any CPU
		{583E2447-81AF-1DF6-AE46-CCED2F9D54DB}.Release|Any CPU.Build.0 = Release|Any CPU
	EndGlobalSection
	GlobalSection(SolutionProperties) = preSolution
		HideSolutionNode = FALSE
	EndGlobalSection
	GlobalSection(ExtensibilityGlobals) = postSolution
		SolutionGuid = {D3B34D78-5D62-4A4C-9D6D-B5AD6CB8FAA1}
	EndGlobalSection
EndGlobal
